
Microsoft Visual Studio Solution File, Format Version 12.00
# Visual Studio 15
VisualStudioVersion = 15.0.26730.12
MinimumVisualStudioVersion = 10.0.40219.1
Project("{9A19103F-16F7-4668-BE54-9A1E7A4F7556}") = "clanmanager", "clanmanager.csproj", "{E427EA7B-7A13-4C08-97D8-E56981E41CD3}"
EndProject
Global
	GlobalSection(SolutionConfigurationPlatforms) = preSolution
		Debug|Any CPU = Debug|Any CPU
		Release|Any CPU = Release|Any CPU
	EndGlobalSection
	GlobalSection(ProjectConfigurationPlatforms) = postSolution
		{E427EA7B-7A13-4C08-97D8-E56981E41CD3}.Debug|Any CPU.ActiveCfg = Debug|Any CPU
		{E427EA7B-7A13-4C08-97D8-E56981E41CD3}.Debug|Any CPU.Build.0 = Debug|Any CPU
		{E427EA7B-7A13-4C08-97D8-E56981E41CD3}.Release|Any CPU.ActiveCfg = Release|Any CPU
		{E427EA7B-7A13-4C08-97D8-E56981E41CD3}.Release|Any CPU.Build.0 = Release|Any CPU
	EndGlobalSection
	GlobalSection(SolutionProperties) = preSolution
		HideSolutionNode = FALSE
	EndGlobalSection
	GlobalSection(ExtensibilityGlobals) = postSolution
		SolutionGuid = {4FD6403F-221B-49FC-AD9C-E24827981FD0}
	EndGlobalSection
EndGlobal
